Microsoft Visual Studio Solution File, Format Version 12.00
# Visual Studio 2013
VisualStudioVersion = 12.0.31101.0
MinimumVisualStudioVersion = 10.0.40219.1
Project("{FAE04EC0-301F-11D3-BF4B-00C04F79EFBC}") = "Inforigami.Regalo.Core", "Inforigami.Regalo.Core\Inforigami.Regalo.Core.csproj", "{80473978-8D0F-4AD4-983E-600E516D49AB}"
EndProject
Project("{FAE04EC0-301F-11D3-BF4B-00C04F79EFBC}") = "Inforigami.Regalo.Core.Tests.Unit", "Inforigami.Regalo.Core.Tests.Unit\Inforigami.Regalo.Core.Tests.Unit.csproj", "{09055902-1429-4A6F-B3A7-01C3C2715FF1}"
EndProject
Project("{FAE04EC0-301F-11D3-BF4B-00C04F79EFBC}") = "Inforigami.Regalo.Core.Tests.DomainModel", "Inforigami.Regalo.Core.Tests.DomainModel\Inforigami.Regalo.Core.Tests.DomainModel.csproj", "{332AA28A-3912-4ED3-AE65-0D9F0C2AE90E}"
EndProject
Project("{FAE04EC0-301F-11D3-BF4B-00C04F79EFBC}") = "Inforigami.Regalo.RavenDB", "Inforigami.Regalo.RavenDB\Inforigami.Regalo.RavenDB.csproj", "{50C78CDB-3754-4AA7-A349-895FB0AB095E}"
EndProject
Project("{FAE04EC0-301F-11D3-BF4B-00C04F79EFBC}") = "Inforigami.Regalo.RavenDB.Tests.Unit", "Inforigami.Regalo.RavenDB.Tests.Unit\Inforigami.Regalo.RavenDB.Tests.Unit.csproj", "{DB02B697-1579-431D-BC09-9D801B95E5AE}"
EndProject
Project("{FAE04EC0-301F-11D3-BF4B-00C04F79EFBC}") = "Inforigami.Regalo.Testing", "Inforigami.Regalo.Testing\Inforigami.Regalo.Testing.csproj", "{50425006-B901-4461-99D5-7BAE8FFAFA54}"
EndProject
Project("{FAE04EC0-301F-11D3-BF4B-00C04F79EFBC}") = "Inforigami.Regalo.Testing.Tests.Unit", "Inforigami.Regalo.Testing.Tests.Unit\Inforigami.Regalo.Testing.Tests.Unit.csproj", "{48AF838B-F524-47A6-B8FF-CD804F768885}"
EndProject
Project("{FAE04EC0-301F-11D3-BF4B-00C04F79EFBC}") = "Inforigami.Regalo.ObjectCompare.Tests.Unit", "Inforigami.Regalo.ObjectCompare.Tests.Unit\Inforigami.Regalo.ObjectCompare.Tests.Unit.csproj", "{700F5B3B-838D-4F38-94BF-95B7C8767834}"
EndProject
Project("{FAE04EC0-301F-11D3-BF4B-00C04F79EFBC}") = "Inforigami.Regalo.ObjectCompare", "Inforigami.Regalo.ObjectCompare\Inforigami.Regalo.ObjectCompare.csproj", "{BDC34219-6E54-4580-958E-DCC93B1676E3}"
EndProject
Project("{FAE04EC0-301F-11D3-BF4B-00C04F79EFBC}") = "Inforigami.Regalo.Interfaces", "Inforigami.Regalo.Interfaces\Inforigami.Regalo.Interfaces.csproj", "{890D6FBB-4264-4A33-AAA5-302CB201B090}"
EndProject
Project("{2150E333-8FDC-42A3-9474-1A3956D46DE8}") = "Build", "Build", "{CAC1BEFE-0B22-4057-82BE-9775166544C8}"
	ProjectSection(SolutionItems) = preProject
		.gitignore = .gitignore
		BuildPackage.ps1 = BuildPackage.ps1
		Get-Version.ps1 = Get-Version.ps1
		Packaging Regalo.txt = Packaging Regalo.txt
		PushPackage.ps1 = PushPackage.ps1
		README.md = README.md
		write-assemblyinfo.ps1 = write-assemblyinfo.ps1
	EndProjectSection
EndProject
Project("{FAE04EC0-301F-11D3-BF4B-00C04F79EFBC}") = "Inforigami.Regalo.EventStore", "Inforigami.Regalo.EventStore\Inforigami.Regalo.EventStore.csproj", "{86437787-9D5B-4489-A410-4AED6268B20D}"
EndProject
Project("{FAE04EC0-301F-11D3-BF4B-00C04F79EFBC}") = "Inforigami.Regalo.EventStore.Tests.Unit", "Inforigami.Regalo.EventStore.Tests.Unit\Inforigami.Regalo.EventStore.Tests.Unit.csproj", "{2B896F6E-11DD-479F-A23E-6CDBF1AF48AB}"
EndProject
Global
	GlobalSection(SolutionConfigurationPlatforms) = preSolution
		Debug|Any CPU = Debug|Any CPU
		Release|Any CPU = Release|Any CPU
	EndGlobalSection
	GlobalSection(ProjectConfigurationPlatforms) = postSolution
		{80473978-8D0F-4AD4-983E-600E516D49AB}.Debug|Any CPU.ActiveCfg = Debug|Any CPU
		{80473978-8D0F-4AD4-983E-600E516D49AB}.Debug|Any CPU.Build.0 = Debug|Any CPU
		{80473978-8D0F-4AD4-983E-600E516D49AB}.Release|Any CPU.ActiveCfg = Release|Any CPU
		{80473978-8D0F-4AD4-983E-600E516D49AB}.Release|Any CPU.Build.0 = Release|Any CPU
		{09055902-1429-4A6F-B3A7-01C3C2715FF1}.Debug|Any CPU.ActiveCfg = Debug|Any CPU
		{09055902-1429-4A6F-B3A7-01C3C2715FF1}.Debug|Any CPU.Build.0 = Debug|Any CPU
		{09055902-1429-4A6F-B3A7-01C3C2715FF1}.Release|Any CPU.ActiveCfg = Release|Any CPU
		{09055902-1429-4A6F-B3A7-01C3C2715FF1}.Release|Any CPU.Build.0 = Release|Any CPU
		{332AA28A-3912-4ED3-AE65-0D9F0C2AE90E}.Debug|Any CPU.ActiveCfg = Debug|Any CPU
		{332AA28A-3912-4ED3-AE65-0D9F0C2AE90E}.Debug|Any CPU.Build.0 = Debug|Any CPU
		{332AA28A-3912-4ED3-AE65-0D9F0C2AE90E}.Release|Any CPU.ActiveCfg = Release|Any CPU
		{332AA28A-3912-4ED3-AE65-0D9F0C2AE90E}.Release|Any CPU.Build.0 = Release|Any CPU
		{50C78CDB-3754-4AA7-A349-895FB0AB095E}.Debug|Any CPU.ActiveCfg = Debug|Any CPU
		{50C78CDB-3754-4AA7-A349-895FB0AB095E}.Debug|Any CPU.Build.0 = Debug|Any CPU
		{50C78CDB-3754-4AA7-A349-895FB0AB095E}.Release|Any CPU.ActiveCfg = Release|Any CPU
		{50C78CDB-3754-4AA7-A349-895FB0AB095E}.Release|Any CPU.Build.0 = Release|Any CPU
		{DB02B697-1579-431D-BC09-9D801B95E5AE}.Debug|Any CPU.ActiveCfg = Debug|Any CPU
		{DB02B697-1579-431D-BC09-9D801B95E5AE}.Debug|Any CPU.Build.0 = Debug|Any CPU
		{DB02B697-1579-431D-BC09-9D801B95E5AE}.Release|Any CPU.ActiveCfg = Release|Any CPU
		{DB02B697-1579-431D-BC09-9D801B95E5AE}.Release|Any CPU.Build.0 = Release|Any CPU
		{50425006-B901-4461-99D5-7BAE8FFAFA54}.Debug|Any CPU.ActiveCfg = Debug|Any CPU
		{50425006-B901-4461-99D5-7BAE8FFAFA54}.Debug|Any CPU.Build.0 = Debug|Any CPU
		{50425006-B901-4461-99D5-7BAE8FFAFA54}.Release|Any CPU.ActiveCfg = Release|Any CPU
		{50425006-B901-4461-99D5-7BAE8FFAFA54}.Release|Any CPU.Build.0 = Release|Any CPU
		{48AF838B-F524-47A6-B8FF-CD804F768885}.Debug|Any CPU.ActiveCfg = Debug|Any CPU
		{48AF838B-F524-47A6-B8FF-CD804F768885}.Debug|Any CPU.Build.0 = Debug|Any CPU
		{48AF838B-F524-47A6-B8FF-CD804F768885}.Release|Any CPU.ActiveCfg = Release|Any CPU
		{48AF838B-F524-47A6-B8FF-CD804F768885}.Release|Any CPU.Build.0 = Release|Any CPU
		{700F5B3B-838D-4F38-94BF-95B7C8767834}.Debug|Any CPU.ActiveCfg = Debug|Any CPU
		{700F5B3B-838D-4F38-94BF-95B7C8767834}.Debug|Any CPU.Build.0 = Debug|Any CPU
		{700F5B3B-838D-4F38-94BF-95B7C8767834}.Release|Any CPU.ActiveCfg = Release|Any CPU
		{700F5B3B-838D-4F38-94BF-95B7C8767834}.Release|Any CPU.Build.0 = Release|Any CPU
		{BDC34219-6E54-4580-958E-DCC93B1676E3}.Debug|Any CPU.ActiveCfg = Debug|Any CPU
		{BDC34219-6E54-4580-958E-DCC93B1676E3}.Debug|Any CPU.Build.0 = Debug|Any CPU
		{BDC34219-6E54-4580-958E-DCC93B1676E3}.Release|Any CPU.ActiveCfg = Release|Any CPU
		{BDC34219-6E54-4580-958E-DCC93B1676E3}.Release|Any CPU.Build.0 = Release|Any CPU
		{890D6FBB-4264-4A33-AAA5-302CB201B090}.Debug|Any CPU.ActiveCfg = Debug|Any CPU
		{890D6FBB-4264-4A33-AAA5-302CB201B090}.Debug|Any CPU.Build.0 = Debug|Any CPU
		{890D6FBB-4264-4A33-AAA5-302CB201B090}.Release|Any CPU.ActiveCfg = Release|Any CPU
		{890D6FBB-4264-4A33-AAA5-302CB201B090}.Release|Any CPU.Build.0 = Release|Any CPU
		{86437787-9D5B-4489-A410-4AED6268B20D}.Debug|Any CPU.ActiveCfg = Debug|Any CPU
		{86437787-9D5B-4489-A410-4AED6268B20D}.Debug|Any CPU.Build.0 = Debug|Any CPU
		{86437787-9D5B-4489-A410-4AED6268B20D}.Release|Any CPU.ActiveCfg = Release|Any CPU
		{86437787-9D5B-4489-A410-4AED6268B20D}.Release|Any CPU.Build.0 = Release|Any CPU
		{2B896F6E-11DD-479F-A23E-6CDBF1AF48AB}.Debug|Any CPU.ActiveCfg = Debug|Any CPU
		{2B896F6E-11DD-479F-A23E-6CDBF1AF48AB}.Debug|Any CPU.Build.0 = Debug|Any CPU
		{2B896F6E-11DD-479F-A23E-6CDBF1AF48AB}.Release|Any CPU.ActiveCfg = Release|Any CPU
		{2B896F6E-11DD-479F-A23E-6CDBF1AF48AB}.Release|Any CPU.Build.0 = Release|Any CPU
	EndGlobalSection
	GlobalSection(SolutionProperties) = preSolution
		HideSolutionNode = FALSE
	EndGlobalSection
EndGlobal
