Microsoft Visual Studio Solution File, Format Version 12.00
# Visual Studio Version 17
VisualStudioVersion = 17.3.32929.385
MinimumVisualStudioVersion = 10.0.40219.1
Project("{9A19103F-16F7-4668-BE54-9A1E7A4F7556}") = "Inforigami.Regalo.Core", "Inforigami.Regalo.Core\Inforigami.Regalo.Core.csproj", "{80473978-8D0F-4AD4-983E-600E516D49AB}"
EndProject
Project("{9A19103F-16F7-4668-BE54-9A1E7A4F7556}") = "Inforigami.Regalo.Core.Tests.Unit", "Inforigami.Regalo.Core.Tests.Unit\Inforigami.Regalo.Core.Tests.Unit.csproj", "{09055902-1429-4A6F-B3A7-01C3C2715FF1}"
EndProject
Project("{9A19103F-16F7-4668-BE54-9A1E7A4F7556}") = "Inforigami.Regalo.Core.Tests.DomainModel", "Inforigami.Regalo.Core.Tests.DomainModel\Inforigami.Regalo.Core.Tests.DomainModel.csproj", "{332AA28A-3912-4ED3-AE65-0D9F0C2AE90E}"
EndProject
Project("{9A19103F-16F7-4668-BE54-9A1E7A4F7556}") = "Inforigami.Regalo.RavenDB", "Inforigami.Regalo.RavenDB\Inforigami.Regalo.RavenDB.csproj", "{50C78CDB-3754-4AA7-A349-895FB0AB095E}"
EndProject
Project("{9A19103F-16F7-4668-BE54-9A1E7A4F7556}") = "Inforigami.Regalo.RavenDB.Tests.Unit", "Inforigami.Regalo.RavenDB.Tests.Unit\Inforigami.Regalo.RavenDB.Tests.Unit.csproj", "{DB02B697-1579-431D-BC09-9D801B95E5AE}"
EndProject
Project("{9A19103F-16F7-4668-BE54-9A1E7A4F7556}") = "Inforigami.Regalo.Testing", "Inforigami.Regalo.Testing\Inforigami.Regalo.Testing.csproj", "{50425006-B901-4461-99D5-7BAE8FFAFA54}"
EndProject
Project("{9A19103F-16F7-4668-BE54-9A1E7A4F7556}") = "Inforigami.Regalo.Testing.Tests.Unit", "Inforigami.Regalo.Testing.Tests.Unit\Inforigami.Regalo.Testing.Tests.Unit.csproj", "{48AF838B-F524-47A6-B8FF-CD804F768885}"
EndProject
Project("{9A19103F-16F7-4668-BE54-9A1E7A4F7556}") = "Inforigami.Regalo.ObjectCompare.Tests.Unit", "Inforigami.Regalo.ObjectCompare.Tests.Unit\Inforigami.Regalo.ObjectCompare.Tests.Unit.csproj", "{700F5B3B-838D-4F38-94BF-95B7C8767834}"
EndProject
Project("{9A19103F-16F7-4668-BE54-9A1E7A4F7556}") = "Inforigami.Regalo.ObjectCompare", "Inforigami.Regalo.ObjectCompare\Inforigami.Regalo.ObjectCompare.csproj", "{BDC34219-6E54-4580-958E-DCC93B1676E3}"
EndProject
Project("{9A19103F-16F7-4668-BE54-9A1E7A4F7556}") = "Inforigami.Regalo.Interfaces", "Inforigami.Regalo.Interfaces\Inforigami.Regalo.Interfaces.csproj", "{890D6FBB-4264-4A33-AAA5-302CB201B090}"
EndProject
Project("{2150E333-8FDC-42A3-9474-1A3956D46DE8}") = "SolutionItems", "SolutionItems", "{CAC1BEFE-0B22-4057-82BE-9775166544C8}"
	ProjectSection(SolutionItems) = preProject
		.gitignore = .gitignore
		Directory.Build.props = Directory.Build.props
		docker-compose.yml = docker-compose.yml
		.github\workflows\dotnet.yml = .github\workflows\dotnet.yml
		Packaging Regalo.txt = Packaging Regalo.txt
		PushPackage.ps1 = PushPackage.ps1
		README.md = README.md
	EndProjectSection
EndProject
Project("{9A19103F-16F7-4668-BE54-9A1E7A4F7556}") = "Inforigami.Regalo.EventStore", "Inforigami.Regalo.EventStore\Inforigami.Regalo.EventStore.csproj", "{86437787-9D5B-4489-A410-4AED6268B20D}"
EndProject
Project("{9A19103F-16F7-4668-BE54-9A1E7A4F7556}") = "Inforigami.Regalo.EventStore.Tests.Unit", "Inforigami.Regalo.EventStore.Tests.Unit\Inforigami.Regalo.EventStore.Tests.Unit.csproj", "{2B896F6E-11DD-479F-A23E-6CDBF1AF48AB}"
EndProject
Project("{9A19103F-16F7-4668-BE54-9A1E7A4F7556}") = "Inforigami.Regalo.SqlServer", "Inforigami.Regalo.SqlServer\Inforigami.Regalo.SqlServer.csproj", "{A33527A2-4FFE-429F-93A8-3A8DD5C9AE76}"
EndProject
Project("{9A19103F-16F7-4668-BE54-9A1E7A4F7556}") = "Inforigami.Regalo.SqlServer.Tests.Unit", "Inforigami.Regalo.SqlServer.Tests.Unit\Inforigami.Regalo.SqlServer.Tests.Unit.csproj", "{C8909090-16E1-4E60-B702-3A50FC8F5E54}"
EndProject
Project("{9A19103F-16F7-4668-BE54-9A1E7A4F7556}") = "Inforigami.Regalo.Core.ConsoleLoggerTest", "Inforigami.Regalo.Core.ConsoleLoggerTest\Inforigami.Regalo.Core.ConsoleLoggerTest.csproj", "{83108286-289A-4FC1-985E-F19BA7A419E5}"
EndProject
Project("{9A19103F-16F7-4668-BE54-9A1E7A4F7556}") = "Inforigami.Regalo.EventSourcing", "Inforigami.Regalo.EventSourcing\Inforigami.Regalo.EventSourcing.csproj", "{D83668CA-7963-42F9-AD12-4926E56794CE}"
EndProject
Project("{9A19103F-16F7-4668-BE54-9A1E7A4F7556}") = "Inforigami.Regalo.Messaging", "Inforigami.Regalo.Messaging\Inforigami.Regalo.Messaging.csproj", "{5F8F4C4C-57D0-401F-B501-571AB650B131}"
EndProject
Project("{9A19103F-16F7-4668-BE54-9A1E7A4F7556}") = "Inforigami.Regalo.AzureTableStorage", "Inforigami.Regalo.AzureTableStorage\Inforigami.Regalo.AzureTableStorage.csproj", "{BB224C7D-838A-495F-93B9-C7834E92DCFD}"
EndProject
Project("{9A19103F-16F7-4668-BE54-9A1E7A4F7556}") = "Inforigami.Regalo.EventSourcing.Tests.Unit", "Inforigami.Regalo.EventSourcing.Tests.Unit\Inforigami.Regalo.EventSourcing.Tests.Unit.csproj", "{CA470042-47EB-4B3A-814A-4B9D79413EE6}"
EndProject
Global
	GlobalSection(SolutionConfigurationPlatforms) = preSolution
		Debug|Any CPU = Debug|Any CPU
		Release|Any CPU = Release|Any CPU
	EndGlobalSection
	GlobalSection(ProjectConfigurationPlatforms) = postSolution
		{80473978-8D0F-4AD4-983E-600E516D49AB}.Debug|Any CPU.ActiveCfg = Debug|Any CPU
		{80473978-8D0F-4AD4-983E-600E516D49AB}.Debug|Any CPU.Build.0 = Debug|Any CPU
		{80473978-8D0F-4AD4-983E-600E516D49AB}.Release|Any CPU.ActiveCfg = Release|Any CPU
		{80473978-8D0F-4AD4-983E-600E516D49AB}.Release|Any CPU.Build.0 = Release|Any CPU
		{09055902-1429-4A6F-B3A7-01C3C2715FF1}.Debug|Any CPU.ActiveCfg = Debug|Any CPU
		{09055902-1429-4A6F-B3A7-01C3C2715FF1}.Debug|Any CPU.Build.0 = Debug|Any CPU
		{09055902-1429-4A6F-B3A7-01C3C2715FF1}.Release|Any CPU.ActiveCfg = Release|Any CPU
		{09055902-1429-4A6F-B3A7-01C3C2715FF1}.Release|Any CPU.Build.0 = Release|Any CPU
		{332AA28A-3912-4ED3-AE65-0D9F0C2AE90E}.Debug|Any CPU.ActiveCfg = Debug|Any CPU
		{332AA28A-3912-4ED3-AE65-0D9F0C2AE90E}.Debug|Any CPU.Build.0 = Debug|Any CPU
		{332AA28A-3912-4ED3-AE65-0D9F0C2AE90E}.Release|Any CPU.ActiveCfg = Release|Any CPU
		{332AA28A-3912-4ED3-AE65-0D9F0C2AE90E}.Release|Any CPU.Build.0 = Release|Any CPU
		{50C78CDB-3754-4AA7-A349-895FB0AB095E}.Debug|Any CPU.ActiveCfg = Debug|Any CPU
		{50C78CDB-3754-4AA7-A349-895FB0AB095E}.Debug|Any CPU.Build.0 = Debug|Any CPU
		{50C78CDB-3754-4AA7-A349-895FB0AB095E}.Release|Any CPU.ActiveCfg = Release|Any CPU
		{50C78CDB-3754-4AA7-A349-895FB0AB095E}.Release|Any CPU.Build.0 = Release|Any CPU
		{DB02B697-1579-431D-BC09-9D801B95E5AE}.Debug|Any CPU.ActiveCfg = Debug|Any CPU
		{DB02B697-1579-431D-BC09-9D801B95E5AE}.Debug|Any CPU.Build.0 = Debug|Any CPU
		{DB02B697-1579-431D-BC09-9D801B95E5AE}.Release|Any CPU.ActiveCfg = Release|Any CPU
		{DB02B697-1579-431D-BC09-9D801B95E5AE}.Release|Any CPU.Build.0 = Release|Any CPU
		{50425006-B901-4461-99D5-7BAE8FFAFA54}.Debug|Any CPU.ActiveCfg = Debug|Any CPU
		{50425006-B901-4461-99D5-7BAE8FFAFA54}.Debug|Any CPU.Build.0 = Debug|Any CPU
		{50425006-B901-4461-99D5-7BAE8FFAFA54}.Release|Any CPU.ActiveCfg = Release|Any CPU
		{50425006-B901-4461-99D5-7BAE8FFAFA54}.Release|Any CPU.Build.0 = Release|Any CPU
		{48AF838B-F524-47A6-B8FF-CD804F768885}.Debug|Any CPU.ActiveCfg = Debug|Any CPU
		{48AF838B-F524-47A6-B8FF-CD804F768885}.Debug|Any CPU.Build.0 = Debug|Any CPU
		{48AF838B-F524-47A6-B8FF-CD804F768885}.Release|Any CPU.ActiveCfg = Release|Any CPU
		{48AF838B-F524-47A6-B8FF-CD804F768885}.Release|Any CPU.Build.0 = Release|Any CPU
		{700F5B3B-838D-4F38-94BF-95B7C8767834}.Debug|Any CPU.ActiveCfg = Debug|Any CPU
		{700F5B3B-838D-4F38-94BF-95B7C8767834}.Debug|Any CPU.Build.0 = Debug|Any CPU
		{700F5B3B-838D-4F38-94BF-95B7C8767834}.Release|Any CPU.ActiveCfg = Release|Any CPU
		{700F5B3B-838D-4F38-94BF-95B7C8767834}.Release|Any CPU.Build.0 = Release|Any CPU
		{BDC34219-6E54-4580-958E-DCC93B1676E3}.Debug|Any CPU.ActiveCfg = Debug|Any CPU
		{BDC34219-6E54-4580-958E-DCC93B1676E3}.Debug|Any CPU.Build.0 = Debug|Any CPU
		{BDC34219-6E54-4580-958E-DCC93B1676E3}.Release|Any CPU.ActiveCfg = Release|Any CPU
		{BDC34219-6E54-4580-958E-DCC93B1676E3}.Release|Any CPU.Build.0 = Release|Any CPU
		{890D6FBB-4264-4A33-AAA5-302CB201B090}.Debug|Any CPU.ActiveCfg = Debug|Any CPU
		{890D6FBB-4264-4A33-AAA5-302CB201B090}.Debug|Any CPU.Build.0 = Debug|Any CPU
		{890D6FBB-4264-4A33-AAA5-302CB201B090}.Release|Any CPU.ActiveCfg = Release|Any CPU
		{890D6FBB-4264-4A33-AAA5-302CB201B090}.Release|Any CPU.Build.0 = Release|Any CPU
		{86437787-9D5B-4489-A410-4AED6268B20D}.Debug|Any CPU.ActiveCfg = Debug|Any CPU
		{86437787-9D5B-4489-A410-4AED6268B20D}.Debug|Any CPU.Build.0 = Debug|Any CPU
		{86437787-9D5B-4489-A410-4AED6268B20D}.Release|Any CPU.ActiveCfg = Release|Any CPU
		{86437787-9D5B-4489-A410-4AED6268B20D}.Release|Any CPU.Build.0 = Release|Any CPU
		{2B896F6E-11DD-479F-A23E-6CDBF1AF48AB}.Debug|Any CPU.ActiveCfg = Debug|Any CPU
		{2B896F6E-11DD-479F-A23E-6CDBF1AF48AB}.Debug|Any CPU.Build.0 = Debug|Any CPU
		{2B896F6E-11DD-479F-A23E-6CDBF1AF48AB}.Release|Any CPU.ActiveCfg = Release|Any CPU
		{2B896F6E-11DD-479F-A23E-6CDBF1AF48AB}.Release|Any CPU.Build.0 = Release|Any CPU
		{A33527A2-4FFE-429F-93A8-3A8DD5C9AE76}.Debug|Any CPU.ActiveCfg = Debug|Any CPU
		{A33527A2-4FFE-429F-93A8-3A8DD5C9AE76}.Debug|Any CPU.Build.0 = Debug|Any CPU
		{A33527A2-4FFE-429F-93A8-3A8DD5C9AE76}.Release|Any CPU.ActiveCfg = Release|Any CPU
		{A33527A2-4FFE-429F-93A8-3A8DD5C9AE76}.Release|Any CPU.Build.0 = Release|Any CPU
		{C8909090-16E1-4E60-B702-3A50FC8F5E54}.Debug|Any CPU.ActiveCfg = Debug|Any CPU
		{C8909090-16E1-4E60-B702-3A50FC8F5E54}.Debug|Any CPU.Build.0 = Debug|Any CPU
		{C8909090-16E1-4E60-B702-3A50FC8F5E54}.Release|Any CPU.ActiveCfg = Release|Any CPU
		{C8909090-16E1-4E60-B702-3A50FC8F5E54}.Release|Any CPU.Build.0 = Release|Any CPU
		{83108286-289A-4FC1-985E-F19BA7A419E5}.Debug|Any CPU.ActiveCfg = Debug|Any CPU
		{83108286-289A-4FC1-985E-F19BA7A419E5}.Debug|Any CPU.Build.0 = Debug|Any CPU
		{83108286-289A-4FC1-985E-F19BA7A419E5}.Release|Any CPU.ActiveCfg = Release|Any CPU
		{83108286-289A-4FC1-985E-F19BA7A419E5}.Release|Any CPU.Build.0 = Release|Any CPU
		{D83668CA-7963-42F9-AD12-4926E56794CE}.Debug|Any CPU.ActiveCfg = Debug|Any CPU
		{D83668CA-7963-42F9-AD12-4926E56794CE}.Debug|Any CPU.Build.0 = Debug|Any CPU
		{D83668CA-7963-42F9-AD12-4926E56794CE}.Release|Any CPU.ActiveCfg = Release|Any CPU
		{D83668CA-7963-42F9-AD12-4926E56794CE}.Release|Any CPU.Build.0 = Release|Any CPU
		{5F8F4C4C-57D0-401F-B501-571AB650B131}.Debug|Any CPU.ActiveCfg = Debug|Any CPU
		{5F8F4C4C-57D0-401F-B501-571AB650B131}.Debug|Any CPU.Build.0 = Debug|Any CPU
		{5F8F4C4C-57D0-401F-B501-571AB650B131}.Release|Any CPU.ActiveCfg = Release|Any CPU
		{5F8F4C4C-57D0-401F-B501-571AB650B131}.Release|Any CPU.Build.0 = Release|Any CPU
		{BB224C7D-838A-495F-93B9-C7834E92DCFD}.Debug|Any CPU.ActiveCfg = Debug|Any CPU
		{BB224C7D-838A-495F-93B9-C7834E92DCFD}.Debug|Any CPU.Build.0 = Debug|Any CPU
		{BB224C7D-838A-495F-93B9-C7834E92DCFD}.Release|Any CPU.ActiveCfg = Release|Any CPU
		{BB224C7D-838A-495F-93B9-C7834E92DCFD}.Release|Any CPU.Build.0 = Release|Any CPU
		{CA470042-47EB-4B3A-814A-4B9D79413EE6}.Debug|Any CPU.ActiveCfg = Debug|Any CPU
		{CA470042-47EB-4B3A-814A-4B9D79413EE6}.Debug|Any CPU.Build.0 = Debug|Any CPU
		{CA470042-47EB-4B3A-814A-4B9D79413EE6}.Release|Any CPU.ActiveCfg = Release|Any CPU
		{CA470042-47EB-4B3A-814A-4B9D79413EE6}.Release|Any CPU.Build.0 = Release|Any CPU
	EndGlobalSection
	GlobalSection(SolutionProperties) = preSolution
		HideSolutionNode = FALSE
	EndGlobalSection
	GlobalSection(ExtensibilityGlobals) = postSolution
		SolutionGuid = {C8F5880D-D93C-41EC-B9B2-F218CB6FDB50}
	EndGlobalSection
EndGlobal
